
Microsoft Visual Studio Solution File, Format Version 12.00
# Visual Studio 14
VisualStudioVersion = 14.0.25420.1
MinimumVisualStudioVersion = 10.0.40219.1
Project("{FAE04EC0-301F-11D3-BF4B-00C04F79EFBC}") = "HelloWorld", "HelloWorld\HelloWorld.csproj", "{B8C92306-4EC4-4150-AD92-FB85B2767FE6}"
EndProject
Project("{FAE04EC0-301F-11D3-BF4B-00C04F79EFBC}") = "PrintMyName", "PrintMyName\PrintMyName.csproj", "{A5C3712C-49E3-420A-BEFA-D61B0D6AAD42}"
EndProject
Project("{FAE04EC0-301F-11D3-BF4B-00C04F79EFBC}") = "PrintNumbers", "PrintNumbers\PrintNumbers.csproj", "{C19D6944-6C05-47E8-9C3B-D2B8102090B3}"
EndProject
Project("{FAE04EC0-301F-11D3-BF4B-00C04F79EFBC}") = "PrintFullName", "PrintFullName\PrintFullName.csproj", "{687A7CC5-060F-4638-848A-FF9756CC98B9}"
EndProject
Project("{FAE04EC0-301F-11D3-BF4B-00C04F79EFBC}") = "SquareRoot", "SquareRoot\SquareRoot.csproj", "{D7862943-0A61-45FF-93AE-F5C329F6C0C6}"
EndProject
Project("{FAE04EC0-301F-11D3-BF4B-00C04F79EFBC}") = "PrintSequence", "PrintSequence\PrintSequence.csproj", "{F02F7FDB-98D1-45E4-A43B-4CA294ACDF76}"
EndProject
Project("{FAE04EC0-301F-11D3-BF4B-00C04F79EFBC}") = "FormatCode", "FormatCode\FormatCode.csproj", "{8FFAF2A4-882F-4B5E-B5DC-2F2535E79570}"
EndProject
Project("{FAE04EC0-301F-11D3-BF4B-00C04F79EFBC}") = "CurrentDateTime", "CurrentDateTime\CurrentDateTime.csproj", "{78090C07-D971-4416-BD9A-60F4441BE1C9}"
EndProject
Project("{FAE04EC0-301F-11D3-BF4B-00C04F79EFBC}") = "YourAge", "YourAge\YourAge.csproj", "{6E86A73C-ECC3-482A-9B18-2677D15C3BE1}"
EndProject
Project("{FAE04EC0-301F-11D3-BF4B-00C04F79EFBC}") = "PrintLongSequence", "PrintLongSequence\PrintLongSequence.csproj", "{339183F0-6D3B-4E40-A8A0-AB6061C4E342}"
EndProject
Global
	GlobalSection(SolutionConfigurationPlatforms) = preSolution
		Debug|Any CPU = Debug|Any CPU
		Release|Any CPU = Release|Any CPU
	EndGlobalSection
	GlobalSection(ProjectConfigurationPlatforms) = postSolution
		{B8C92306-4EC4-4150-AD92-FB85B2767FE6}.Debug|Any CPU.ActiveCfg = Debug|Any CPU
		{B8C92306-4EC4-4150-AD92-FB85B2767FE6}.Debug|Any CPU.Build.0 = Debug|Any CPU
		{B8C92306-4EC4-4150-AD92-FB85B2767FE6}.Release|Any CPU.ActiveCfg = Release|Any CPU
		{B8C92306-4EC4-4150-AD92-FB85B2767FE6}.Release|Any CPU.Build.0 = Release|Any CPU
		{A5C3712C-49E3-420A-BEFA-D61B0D6AAD42}.Debug|Any CPU.ActiveCfg = Debug|Any CPU
		{A5C3712C-49E3-420A-BEFA-D61B0D6AAD42}.Debug|Any CPU.Build.0 = Debug|Any CPU
		{A5C3712C-49E3-420A-BEFA-D61B0D6AAD42}.Release|Any CPU.ActiveCfg = Release|Any CPU
		{A5C3712C-49E3-420A-BEFA-D61B0D6AAD42}.Release|Any CPU.Build.0 = Release|Any CPU
		{C19D6944-6C05-47E8-9C3B-D2B8102090B3}.Debug|Any CPU.ActiveCfg = Debug|Any CPU
		{C19D6944-6C05-47E8-9C3B-D2B8102090B3}.Debug|Any CPU.Build.0 = Debug|Any CPU
		{C19D6944-6C05-47E8-9C3B-D2B8102090B3}.Release|Any CPU.ActiveCfg = Release|Any CPU
		{C19D6944-6C05-47E8-9C3B-D2B8102090B3}.Release|Any CPU.Build.0 = Release|Any CPU
		{687A7CC5-060F-4638-848A-FF9756CC98B9}.Debug|Any CPU.ActiveCfg = Debug|Any CPU
		{687A7CC5-060F-4638-848A-FF9756CC98B9}.Debug|Any CPU.Build.0 = Debug|Any CPU
		{687A7CC5-060F-4638-848A-FF9756CC98B9}.Release|Any CPU.ActiveCfg = Release|Any CPU
		{687A7CC5-060F-4638-848A-FF9756CC98B9}.Release|Any CPU.Build.0 = Release|Any CPU
		{D7862943-0A61-45FF-93AE-F5C329F6C0C6}.Debug|Any CPU.ActiveCfg = Debug|Any CPU
		{D7862943-0A61-45FF-93AE-F5C329F6C0C6}.Debug|Any CPU.Build.0 = Debug|Any CPU
		{D7862943-0A61-45FF-93AE-F5C329F6C0C6}.Release|Any CPU.ActiveCfg = Release|Any CPU
		{D7862943-0A61-45FF-93AE-F5C329F6C0C6}.Release|Any CPU.Build.0 = Release|Any CPU
		{F02F7FDB-98D1-45E4-A43B-4CA294ACDF76}.Debug|Any CPU.ActiveCfg = Debug|Any CPU
		{F02F7FDB-98D1-45E4-A43B-4CA294ACDF76}.Debug|Any CPU.Build.0 = Debug|Any CPU
		{F02F7FDB-98D1-45E4-A43B-4CA294ACDF76}.Release|Any CPU.ActiveCfg = Release|Any CPU
		{F02F7FDB-98D1-45E4-A43B-4CA294ACDF76}.Release|Any CPU.Build.0 = Release|Any CPU
		{8FFAF2A4-882F-4B5E-B5DC-2F2535E79570}.Debug|Any CPU.ActiveCfg = Debug|Any CPU
		{8FFAF2A4-882F-4B5E-B5DC-2F2535E79570}.Debug|Any CPU.Build.0 = Debug|Any CPU
		{8FFAF2A4-882F-4B5E-B5DC-2F2535E79570}.Release|Any CPU.ActiveCfg = Release|Any CPU
		{8FFAF2A4-882F-4B5E-B5DC-2F2535E79570}.Release|Any CPU.Build.0 = Release|Any CPU
		{78090C07-D971-4416-BD9A-60F4441BE1C9}.Debug|Any CPU.ActiveCfg = Debug|Any CPU
		{78090C07-D971-4416-BD9A-60F4441BE1C9}.Debug|Any CPU.Build.0 = Debug|Any CPU
		{78090C07-D971-4416-BD9A-60F4441BE1C9}.Release|Any CPU.ActiveCfg = Release|Any CPU
		{78090C07-D971-4416-BD9A-60F4441BE1C9}.Release|Any CPU.Build.0 = Release|Any CPU
		{6E86A73C-ECC3-482A-9B18-2677D15C3BE1}.Debug|Any CPU.ActiveCfg = Debug|Any CPU
		{6E86A73C-ECC3-482A-9B18-2677D15C3BE1}.Debug|Any CPU.Build.0 = Debug|Any CPU
		{6E86A73C-ECC3-482A-9B18-2677D15C3BE1}.Release|Any CPU.ActiveCfg = Release|Any CPU
		{6E86A73C-ECC3-482A-9B18-2677D15C3BE1}.Release|Any CPU.Build.0 = Release|Any CPU
		{339183F0-6D3B-4E40-A8A0-AB6061C4E342}.Debug|Any CPU.ActiveCfg = Debug|Any CPU
		{339183F0-6D3B-4E40-A8A0-AB6061C4E342}.Debug|Any CPU.Build.0 = Debug|Any CPU
		{339183F0-6D3B-4E40-A8A0-AB6061C4E342}.Release|Any CPU.ActiveCfg = Release|Any CPU
		{339183F0-6D3B-4E40-A8A0-AB6061C4E342}.Release|Any CPU.Build.0 = Release|Any CPU
	EndGlobalSection
	GlobalSection(SolutionProperties) = preSolution
		HideSolutionNode = FALSE
	EndGlobalSection
EndGlobal
